
Microsoft Visual Studio Solution File, Format Version 12.00
# Visual Studio Version 16
VisualStudioVersion = 16.0.29905.134
MinimumVisualStudioVersion = 10.0.40219.1
Project("{9A19103F-16F7-4668-BE54-9A1E7A4F7556}") = "EDCoder", "EDCoder\EDCoder.csproj", "{33E375D4-B29E-433C-A79A-25B655D21B26}"
EndProject
Project("{9A19103F-16F7-4668-BE54-9A1E7A4F7556}") = "UDPRecorder", "UDPRecorder\UDPRecorder.csproj", "{B0E2CD7A-465F-4051-B998-4543829137E1}"
EndProject
Project("{9A19103F-16F7-4668-BE54-9A1E7A4F7556}") = "FileManager", "FileManager\FileManager.csproj", "{1A72412C-D9D7-4F3E-816F-2DB97149A3E6}"
EndProject
Project("{9A19103F-16F7-4668-BE54-9A1E7A4F7556}") = "DRRCommon", "DRRCommon\DRRCommon.csproj", "{0C72E618-E640-4F5D-82C0-21DE99459F32}"
EndProject
Project("{9A19103F-16F7-4668-BE54-9A1E7A4F7556}") = "UDPReplayer", "UDPReplayer\UDPReplayer.csproj", "{44D98DC3-E730-4A1D-8A95-E3DEC7061172}"
EndProject
Project("{FAE04EC0-301F-11D3-BF4B-00C04F79EFBC}") = "Core", "Core\Core.csproj", "{F2B5717B-C23A-40AB-9079-92AF3DC75F1B}"
EndProject
Project("{FAE04EC0-301F-11D3-BF4B-00C04F79EFBC}") = "UDPLclEditor", "UDPLclEditor\UDPLclEditor.csproj", "{8F8E41E1-AD48-4A49-BBB3-2356468F10EE}"
EndProject
Global
	GlobalSection(SolutionConfigurationPlatforms) = preSolution
		Debug|Any CPU = Debug|Any CPU
		Release|Any CPU = Release|Any CPU
	EndGlobalSection
	GlobalSection(ProjectConfigurationPlatforms) = postSolution
		{33E375D4-B29E-433C-A79A-25B655D21B26}.Debug|Any CPU.ActiveCfg = Debug|Any CPU
		{33E375D4-B29E-433C-A79A-25B655D21B26}.Debug|Any CPU.Build.0 = Debug|Any CPU
		{33E375D4-B29E-433C-A79A-25B655D21B26}.Release|Any CPU.ActiveCfg = Release|Any CPU
		{33E375D4-B29E-433C-A79A-25B655D21B26}.Release|Any CPU.Build.0 = Release|Any CPU
		{B0E2CD7A-465F-4051-B998-4543829137E1}.Debug|Any CPU.ActiveCfg = Debug|Any CPU
		{B0E2CD7A-465F-4051-B998-4543829137E1}.Debug|Any CPU.Build.0 = Debug|Any CPU
		{B0E2CD7A-465F-4051-B998-4543829137E1}.Release|Any CPU.ActiveCfg = Release|Any CPU
		{B0E2CD7A-465F-4051-B998-4543829137E1}.Release|Any CPU.Build.0 = Release|Any CPU
		{1A72412C-D9D7-4F3E-816F-2DB97149A3E6}.Debug|Any CPU.ActiveCfg = Debug|Any CPU
		{1A72412C-D9D7-4F3E-816F-2DB97149A3E6}.Debug|Any CPU.Build.0 = Debug|Any CPU
		{1A72412C-D9D7-4F3E-816F-2DB97149A3E6}.Release|Any CPU.ActiveCfg = Release|Any CPU
		{1A72412C-D9D7-4F3E-816F-2DB97149A3E6}.Release|Any CPU.Build.0 = Release|Any CPU
		{0C72E618-E640-4F5D-82C0-21DE99459F32}.Debug|Any CPU.ActiveCfg = Debug|Any CPU
		{0C72E618-E640-4F5D-82C0-21DE99459F32}.Debug|Any CPU.Build.0 = Debug|Any CPU
		{0C72E618-E640-4F5D-82C0-21DE99459F32}.Release|Any CPU.ActiveCfg = Release|Any CPU
		{0C72E618-E640-4F5D-82C0-21DE99459F32}.Release|Any CPU.Build.0 = Release|Any CPU
		{44D98DC3-E730-4A1D-8A95-E3DEC7061172}.Debug|Any CPU.ActiveCfg = Debug|Any CPU
		{44D98DC3-E730-4A1D-8A95-E3DEC7061172}.Debug|Any CPU.Build.0 = Debug|Any CPU
		{44D98DC3-E730-4A1D-8A95-E3DEC7061172}.Release|Any CPU.ActiveCfg = Release|Any CPU
		{44D98DC3-E730-4A1D-8A95-E3DEC7061172}.Release|Any CPU.Build.0 = Release|Any CPU
		{F2B5717B-C23A-40AB-9079-92AF3DC75F1B}.Debug|Any CPU.ActiveCfg = Debug|Any CPU
		{F2B5717B-C23A-40AB-9079-92AF3DC75F1B}.Debug|Any CPU.Build.0 = Debug|Any CPU
		{F2B5717B-C23A-40AB-9079-92AF3DC75F1B}.Release|Any CPU.ActiveCfg = Release|Any CPU
		{F2B5717B-C23A-40AB-9079-92AF3DC75F1B}.Release|Any CPU.Build.0 = Release|Any CPU
		{8F8E41E1-AD48-4A49-BBB3-2356468F10EE}.Debug|Any CPU.ActiveCfg = Debug|Any CPU
		{8F8E41E1-AD48-4A49-BBB3-2356468F10EE}.Debug|Any CPU.Build.0 = Debug|Any CPU
		{8F8E41E1-AD48-4A49-BBB3-2356468F10EE}.Release|Any CPU.ActiveCfg = Release|Any CPU
		{8F8E41E1-AD48-4A49-BBB3-2356468F10EE}.Release|Any CPU.Build.0 = Release|Any CPU
	EndGlobalSection
	GlobalSection(SolutionProperties) = preSolution
		HideSolutionNode = FALSE
	EndGlobalSection
	GlobalSection(ExtensibilityGlobals) = postSolution
		SolutionGuid = {B15F6DDD-E0C3-4C3B-9428-BEEAB1E231D0}
	EndGlobalSection
EndGlobal
